
Microsoft Visual Studio Solution File, Format Version 12.00
# Visual Studio Version 17
VisualStudioVersion = 17.2.32602.215
MinimumVisualStudioVersion = 10.0.40219.1
Project("{9A19103F-16F7-4668-BE54-9A1E7A4F7556}") = "RestueantDB", "RestueantDB\RestueantDB.csproj", "{A8462B30-124E-4B29-BC1B-3B37B973CA5D}"
EndProject
Global
	GlobalSection(SolutionConfigurationPlatforms) = preSolution
		Debug|Any CPU = Debug|Any CPU
		Release|Any CPU = Release|Any CPU
	EndGlobalSection
	GlobalSection(ProjectConfigurationPlatforms) = postSolution
		{A8462B30-124E-4B29-BC1B-3B37B973CA5D}.Debug|Any CPU.ActiveCfg = Debug|Any CPU
		{A8462B30-124E-4B29-BC1B-3B37B973CA5D}.Debug|Any CPU.Build.0 = Debug|Any CPU
		{A8462B30-124E-4B29-BC1B-3B37B973CA5D}.Release|Any CPU.ActiveCfg = Release|Any CPU
		{A8462B30-124E-4B29-BC1B-3B37B973CA5D}.Release|Any CPU.Build.0 = Release|Any CPU
	EndGlobalSection
	GlobalSection(SolutionProperties) = preSolution
		HideSolutionNode = FALSE
	EndGlobalSection
	GlobalSection(ExtensibilityGlobals) = postSolution
		SolutionGuid = {2261D18B-D29D-453B-8EA3-64F5C09867C3}
	EndGlobalSection
EndGlobal
